
Microsoft Visual Studio Solution File, Format Version 12.00
# Visual Studio Version 16
VisualStudioVersion = 16.0.29424.173
MinimumVisualStudioVersion = 10.0.40219.1
Project("{9A19103F-16F7-4668-BE54-9A1E7A4F7556}") = "EventStore.LinkerApi", "EventStore.LinkerApi\EventStore.LinkerApi.csproj", "{EB969822-DC60-4428-AB47-261930E7DB78}"
EndProject
Project("{9A19103F-16F7-4668-BE54-9A1E7A4F7556}") = "EventStore.Linker.Domain", "EventStore.Linker.Domain\EventStore.Linker.Domain.csproj", "{4D9CEF67-9CFD-4AB4-AED9-A44D79B0FC26}"
EndProject
Project("{9A19103F-16F7-4668-BE54-9A1E7A4F7556}") = "EventStore.Linker.Ui", "EventStore.Linker.Ui\EventStore.Linker.Ui.csproj", "{D30F815D-87EB-4120-8F2A-E7BEAAF67806}"
EndProject
Global
	GlobalSection(SolutionConfigurationPlatforms) = preSolution
		Debug|Any CPU = Debug|Any CPU
		Release|Any CPU = Release|Any CPU
	EndGlobalSection
	GlobalSection(ProjectConfigurationPlatforms) = postSolution
		{EB969822-DC60-4428-AB47-261930E7DB78}.Debug|Any CPU.ActiveCfg = Debug|Any CPU
		{EB969822-DC60-4428-AB47-261930E7DB78}.Debug|Any CPU.Build.0 = Debug|Any CPU
		{EB969822-DC60-4428-AB47-261930E7DB78}.Release|Any CPU.ActiveCfg = Release|Any CPU
		{EB969822-DC60-4428-AB47-261930E7DB78}.Release|Any CPU.Build.0 = Release|Any CPU
		{4D9CEF67-9CFD-4AB4-AED9-A44D79B0FC26}.Debug|Any CPU.ActiveCfg = Debug|Any CPU
		{4D9CEF67-9CFD-4AB4-AED9-A44D79B0FC26}.Debug|Any CPU.Build.0 = Debug|Any CPU
		{4D9CEF67-9CFD-4AB4-AED9-A44D79B0FC26}.Release|Any CPU.ActiveCfg = Release|Any CPU
		{4D9CEF67-9CFD-4AB4-AED9-A44D79B0FC26}.Release|Any CPU.Build.0 = Release|Any CPU
		{D30F815D-87EB-4120-8F2A-E7BEAAF67806}.Debug|Any CPU.ActiveCfg = Debug|Any CPU
		{D30F815D-87EB-4120-8F2A-E7BEAAF67806}.Debug|Any CPU.Build.0 = Debug|Any CPU
		{D30F815D-87EB-4120-8F2A-E7BEAAF67806}.Release|Any CPU.ActiveCfg = Release|Any CPU
		{D30F815D-87EB-4120-8F2A-E7BEAAF67806}.Release|Any CPU.Build.0 = Release|Any CPU
	EndGlobalSection
	GlobalSection(SolutionProperties) = preSolution
		HideSolutionNode = FALSE
	EndGlobalSection
	GlobalSection(ExtensibilityGlobals) = postSolution
		SolutionGuid = {1F74675D-4685-4CAC-A9EA-087CF3868751}
	EndGlobalSection
EndGlobal
